// !$*UTF8*$!
{
	archiveVersion = 1;
	classes = {
	};
	objectVersion = 51;
	objects = {

/* Begin PBXBuildFile section */
		185883B726957557003A50C1 /* DonateViewController.swift in Sources */ = {isa = PBXBuildFile; fileRef = 185883B626957557003A50C1 /* DonateViewController.swift */; };
		1861C28B2695954200B3DA23 /* GoogleService-Info.plist in Resources */ = {isa = PBXBuildFile; fileRef = 1861C28A2695954200B3DA23 /* GoogleService-Info.plist */; };
		BD041B2722F397B200957DDE /* SettingsView.xib in Resources */ = {isa = PBXBuildFile; fileRef = BD041B2622F397B200957DDE /* SettingsView.xib */; };
		BD041B2922F3982800957DDE /* SettingsView.swift in Sources */ = {isa = PBXBuildFile; fileRef = BD041B2822F3982800957DDE /* SettingsView.swift */; };
		BD041B2B22F7B9D900957DDE /* Bundle.swift in Sources */ = {isa = PBXBuildFile; fileRef = BD041B2A22F7B9D900957DDE /* Bundle.swift */; };
		BD39566E2266A7A80044277C /* PlayerDetailsView+Gestures.swift in Sources */ = {isa = PBXBuildFile; fileRef = BD39566D2266A7A80044277C /* PlayerDetailsView+Gestures.swift */; };
		BD3956702266A8380044277C /* UIApplication.swift in Sources */ = {isa = PBXBuildFile; fileRef = BD39566F2266A8380044277C /* UIApplication.swift */; };
		BD553636226B75F300D97360 /* Settings.bundle in Resources */ = {isa = PBXBuildFile; fileRef = BD553635226B75F300D97360 /* Settings.bundle */; };
		BD553638226B79B100D97360 /* SettingsController.swift in Sources */ = {isa = PBXBuildFile; fileRef = BD553637226B79B100D97360 /* SettingsController.swift */; };
		BD55363A226B7E0500D97360 /* SettingsBundleHelper.swift in Sources */ = {isa = PBXBuildFile; fileRef = BD553639226B7E0500D97360 /* SettingsBundleHelper.swift */; };
		BD7DF45A245492B7004AA103 /* RamadanViewController.swift in Sources */ = {isa = PBXBuildFile; fileRef = BD7DF459245492B7004AA103 /* RamadanViewController.swift */; };
		BD7DF45C24549667004AA103 /* ViewControllerUtils.swift in Sources */ = {isa = PBXBuildFile; fileRef = BD7DF45B24549667004AA103 /* ViewControllerUtils.swift */; };
		BD8A12E6239BE43A00CE2195 /* PrefDB.swift in Sources */ = {isa = PBXBuildFile; fileRef = BD8A12E5239BE43A00CE2195 /* PrefDB.swift */; };
		BDBA6C7F2241B58D000486CD /* AppDelegate.swift in Sources */ = {isa = PBXBuildFile; fileRef = BDBA6C7E2241B58D000486CD /* AppDelegate.swift */; };
		BDBA6C812241B58D000486CD /* ViewController.swift in Sources */ = {isa = PBXBuildFile; fileRef = BDBA6C802241B58D000486CD /* ViewController.swift */; };
		BDBA6C842241B58D000486CD /* Main.storyboard in Resources */ = {isa = PBXBuildFile; fileRef = BDBA6C822241B58D000486CD /* Main.storyboard */; };
		BDBA6C872241B58D000486CD /* QalamCast.xcdatamodeld in Sources */ = {isa = PBXBuildFile; fileRef = BDBA6C852241B58D000486CD /* QalamCast.xcdatamodeld */; };
		BDBA6C892241B58E000486CD /* Assets.xcassets in Resources */ = {isa = PBXBuildFile; fileRef = BDBA6C882241B58E000486CD /* Assets.xcassets */; };
		BDBA6C8C2241B58E000486CD /* LaunchScreen.storyboard in Resources */ = {isa = PBXBuildFile; fileRef = BDBA6C8A2241B58E000486CD /* LaunchScreen.storyboard */; };
		BDBA6C972241B5E8000486CD /* String.swift in Sources */ = {isa = PBXBuildFile; fileRef = BDBA6C942241B5E8000486CD /* String.swift */; };
		BDBA6C982241B5E8000486CD /* CMTime.swift in Sources */ = {isa = PBXBuildFile; fileRef = BDBA6C952241B5E8000486CD /* CMTime.swift */; };
		BDBA6C992241B5E8000486CD /* RSSFeed.swift in Sources */ = {isa = PBXBuildFile; fileRef = BDBA6C962241B5E8000486CD /* RSSFeed.swift */; };
		BDBA6C9D2241B5FD000486CD /* Podcast.swift in Sources */ = {isa = PBXBuildFile; fileRef = BDBA6C9B2241B5FD000486CD /* Podcast.swift */; };
		BDBA6C9E2241B5FD000486CD /* Episode.swift in Sources */ = {isa = PBXBuildFile; fileRef = BDBA6C9C2241B5FD000486CD /* Episode.swift */; };
		BDBA6CA12241B660000486CD /* ApiService.swift in Sources */ = {isa = PBXBuildFile; fileRef = BDBA6CA02241B660000486CD /* ApiService.swift */; };
		BDBA6CA32241B68E000486CD /* MainTabBarController.swift in Sources */ = {isa = PBXBuildFile; fileRef = BDBA6CA22241B68E000486CD /* MainTabBarController.swift */; };
		BDE50D4822446EDC005B2605 /* PlayerDetailsView.swift in Sources */ = {isa = PBXBuildFile; fileRef = BDE50D4622446EDC005B2605 /* PlayerDetailsView.swift */; };
		BDE50D4922446EDC005B2605 /* PlayerDetailsView.xib in Resources */ = {isa = PBXBuildFile; fileRef = BDE50D4722446EDC005B2605 /* PlayerDetailsView.xib */; };
		BDE50D4C22469B7C005B2605 /* categories.json in Resources */ = {isa = PBXBuildFile; fileRef = BDE50D4B22469B7C005B2605 /* categories.json */; };
		BDE50D4E22469BFB005B2605 /* Category.swift in Sources */ = {isa = PBXBuildFile; fileRef = BDE50D4D22469BFB005B2605 /* Category.swift */; };
		BDE50D51224816BA005B2605 /* SeriesController.swift in Sources */ = {isa = PBXBuildFile; fileRef = BDE50D50224816BA005B2605 /* SeriesController.swift */; };
		BDE50D54224816E5005B2605 /* SeriesCell.swift in Sources */ = {isa = PBXBuildFile; fileRef = BDE50D52224816E4005B2605 /* SeriesCell.swift */; };
		BDE50D55224816E5005B2605 /* SeriesCell.xib in Resources */ = {isa = PBXBuildFile; fileRef = BDE50D53224816E4005B2605 /* SeriesCell.xib */; };
		BDE50D582249B74D005B2605 /* EpisodeCell2.swift in Sources */ = {isa = PBXBuildFile; fileRef = BDE50D562249B74D005B2605 /* EpisodeCell2.swift */; };
		BDE50D592249B74D005B2605 /* EpisodeCell2.xib in Resources */ = {isa = PBXBuildFile; fileRef = BDE50D572249B74D005B2605 /* EpisodeCell2.xib */; };
		BDE50D5B2249B831005B2605 /* EpisodesController.swift in Sources */ = {isa = PBXBuildFile; fileRef = BDE50D5A2249B831005B2605 /* EpisodesController.swift */; };
		BDE50D5D224DB099005B2605 /* DB.swift in Sources */ = {isa = PBXBuildFile; fileRef = BDE50D5C224DB099005B2605 /* DB.swift */; };
		BDE50D69225595D7005B2605 /* FavoritesController.swift in Sources */ = {isa = PBXBuildFile; fileRef = BDE50D68225595D7005B2605 /* FavoritesController.swift */; };
		BDFA9630225EAE99004D2FC8 /* DownloadsController.swift in Sources */ = {isa = PBXBuildFile; fileRef = BDFA962F225EAE99004D2FC8 /* DownloadsController.swift */; };
		BDFA9632225FE76A004D2FC8 /* SearchController.swift in Sources */ = {isa = PBXBuildFile; fileRef = BDFA9631225FE76A004D2FC8 /* SearchController.swift */; };
		BDFA9634225FE82E004D2FC8 /* PodcastsSearchingView.xib in Resources */ = {isa = PBXBuildFile; fileRef = BDFA9633225FE82E004D2FC8 /* PodcastsSearchingView.xib */; };
		C58AC33E03884FE673011547 /* Pods_QalamCast.framework in Frameworks */ = {isa = PBXBuildFile; fileRef = 0985D2961478CBDFB3B12987 /* Pods_QalamCast.framework */; };
/* End PBXBuildFile section */

/* Begin PBXFileReference section */
		0985D2961478CBDFB3B12987 /* Pods_QalamCast.framework */ = {isa = PBXFileReference; explicitFileType = wrapper.framework; includeInIndex = 0; path = Pods_QalamCast.framework; sourceTree = BUILT_PRODUCTS_DIR; };
		185883B626957557003A50C1 /* DonateViewController.swift */ = {isa = PBXFileReference; fileEncoding = 4; lastKnownFileType = sourcecode.swift; path = DonateViewController.swift; sourceTree = "<group>"; };
		1861C28A2695954200B3DA23 /* GoogleService-Info.plist */ = {isa = PBXFileReference; fileEncoding = 4; lastKnownFileType = text.plist.xml; path = "GoogleService-Info.plist"; sourceTree = "<group>"; };
		BD041B2622F397B200957DDE /* SettingsView.xib */ = {isa = PBXFileReference; lastKnownFileType = file.xib; path = SettingsView.xib; sourceTree = "<group>"; };
		BD041B2822F3982800957DDE /* SettingsView.swift */ = {isa = PBXFileReference; lastKnownFileType = sourcecode.swift; path = SettingsView.swift; sourceTree = "<group>"; };
		BD041B2A22F7B9D900957DDE /* Bundle.swift */ = {isa = PBXFileReference; lastKnownFileType = sourcecode.swift; path = Bundle.swift; sourceTree = "<group>"; };
		BD39566D2266A7A80044277C /* PlayerDetailsView+Gestures.swift */ = {isa = PBXFileReference; fileEncoding = 4; lastKnownFileType = sourcecode.swift; path = "PlayerDetailsView+Gestures.swift"; sourceTree = "<group>"; };
		BD39566F2266A8380044277C /* UIApplication.swift */ = {isa = PBXFileReference; fileEncoding = 4; lastKnownFileType = sourcecode.swift; path = UIApplication.swift; sourceTree = "<group>"; };
		BD553635226B75F300D97360 /* Settings.bundle */ = {isa = PBXFileReference; lastKnownFileType = "wrapper.plug-in"; path = Settings.bundle; sourceTree = "<group>"; };
		BD553637226B79B100D97360 /* SettingsController.swift */ = {isa = PBXFileReference; lastKnownFileType = sourcecode.swift; path = SettingsController.swift; sourceTree = "<group>"; };
		BD553639226B7E0500D97360 /* SettingsBundleHelper.swift */ = {isa = PBXFileReference; lastKnownFileType = sourcecode.swift; path = SettingsBundleHelper.swift; sourceTree = "<group>"; };
		BD7DF459245492B7004AA103 /* RamadanViewController.swift */ = {isa = PBXFileReference; lastKnownFileType = sourcecode.swift; path = RamadanViewController.swift; sourceTree = "<group>"; };
		BD7DF45B24549667004AA103 /* ViewControllerUtils.swift */ = {isa = PBXFileReference; lastKnownFileType = sourcecode.swift; path = ViewControllerUtils.swift; sourceTree = "<group>"; };
		BD8A12E5239BE43A00CE2195 /* PrefDB.swift */ = {isa = PBXFileReference; lastKnownFileType = sourcecode.swift; path = PrefDB.swift; sourceTree = "<group>"; };
		BDBA6C7B2241B58D000486CD /* Qalam.app */ = {isa = PBXFileReference; explicitFileType = wrapper.application; includeInIndex = 0; path = Qalam.app; sourceTree = BUILT_PRODUCTS_DIR; };
		BDBA6C7E2241B58D000486CD /* AppDelegate.swift */ = {isa = PBXFileReference; lastKnownFileType = sourcecode.swift; path = AppDelegate.swift; sourceTree = "<group>"; };
		BDBA6C802241B58D000486CD /* ViewController.swift */ = {isa = PBXFileReference; lastKnownFileType = sourcecode.swift; path = ViewController.swift; sourceTree = "<group>"; };
		BDBA6C832241B58D000486CD /* Base */ = {isa = PBXFileReference; lastKnownFileType = file.storyboard; name = Base; path = Base.lproj/Main.storyboard; sourceTree = "<group>"; };
		BDBA6C862241B58D000486CD /* QalamCast.xcdatamodel */ = {isa = PBXFileReference; lastKnownFileType = wrapper.xcdatamodel; path = QalamCast.xcdatamodel; sourceTree = "<group>"; };
		BDBA6C882241B58E000486CD /* Assets.xcassets */ = {isa = PBXFileReference; lastKnownFileType = folder.assetcatalog; path = Assets.xcassets; sourceTree = "<group>"; };
		BDBA6C8B2241B58E000486CD /* Base */ = {isa = PBXFileReference; lastKnownFileType = file.storyboard; name = Base; path = Base.lproj/LaunchScreen.storyboard; sourceTree = "<group>"; };
		BDBA6C8D2241B58E000486CD /* Info.plist */ = {isa = PBXFileReference; lastKnownFileType = text.plist.xml; path = Info.plist; sourceTree = "<group>"; };
		BDBA6C942241B5E8000486CD /* String.swift */ = {isa = PBXFileReference; fileEncoding = 4; lastKnownFileType = sourcecode.swift; path = String.swift; sourceTree = "<group>"; };
		BDBA6C952241B5E8000486CD /* CMTime.swift */ = {isa = PBXFileReference; fileEncoding = 4; lastKnownFileType = sourcecode.swift; path = CMTime.swift; sourceTree = "<group>"; };
		BDBA6C962241B5E8000486CD /* RSSFeed.swift */ = {isa = PBXFileReference; fileEncoding = 4; lastKnownFileType = sourcecode.swift; path = RSSFeed.swift; sourceTree = "<group>"; };
		BDBA6C9B2241B5FD000486CD /* Podcast.swift */ = {isa = PBXFileReference; fileEncoding = 4; lastKnownFileType = sourcecode.swift; path = Podcast.swift; sourceTree = "<group>"; };
		BDBA6C9C2241B5FD000486CD /* Episode.swift */ = {isa = PBXFileReference; fileEncoding = 4; lastKnownFileType = sourcecode.swift; path = Episode.swift; sourceTree = "<group>"; };
		BDBA6CA02241B660000486CD /* ApiService.swift */ = {isa = PBXFileReference; fileEncoding = 4; lastKnownFileType = sourcecode.swift; path = ApiService.swift; sourceTree = "<group>"; };
		BDBA6CA22241B68E000486CD /* MainTabBarController.swift */ = {isa = PBXFileReference; fileEncoding = 4; lastKnownFileType = sourcecode.swift; path = MainTabBarController.swift; sourceTree = "<group>"; };
		BDE50D4622446EDC005B2605 /* PlayerDetailsView.swift */ = {isa = PBXFileReference; fileEncoding = 4; lastKnownFileType = sourcecode.swift; path = PlayerDetailsView.swift; sourceTree = "<group>"; };
		BDE50D4722446EDC005B2605 /* PlayerDetailsView.xib */ = {isa = PBXFileReference; fileEncoding = 4; lastKnownFileType = file.xib; path = PlayerDetailsView.xib; sourceTree = "<group>"; };
		BDE50D4B22469B7C005B2605 /* categories.json */ = {isa = PBXFileReference; lastKnownFileType = text.json; path = categories.json; sourceTree = "<group>"; };
		BDE50D4D22469BFB005B2605 /* Category.swift */ = {isa = PBXFileReference; lastKnownFileType = sourcecode.swift; path = Category.swift; sourceTree = "<group>"; };
		BDE50D50224816BA005B2605 /* SeriesController.swift */ = {isa = PBXFileReference; fileEncoding = 4; lastKnownFileType = sourcecode.swift; path = SeriesController.swift; sourceTree = "<group>"; };
		BDE50D52224816E4005B2605 /* SeriesCell.swift */ = {isa = PBXFileReference; fileEncoding = 4; lastKnownFileType = sourcecode.swift; path = SeriesCell.swift; sourceTree = "<group>"; };
		BDE50D53224816E4005B2605 /* SeriesCell.xib */ = {isa = PBXFileReference; fileEncoding = 4; lastKnownFileType = file.xib; path = SeriesCell.xib; sourceTree = "<group>"; };
		BDE50D562249B74D005B2605 /* EpisodeCell2.swift */ = {isa = PBXFileReference; fileEncoding = 4; lastKnownFileType = sourcecode.swift; path = EpisodeCell2.swift; sourceTree = "<group>"; };
		BDE50D572249B74D005B2605 /* EpisodeCell2.xib */ = {isa = PBXFileReference; fileEncoding = 4; lastKnownFileType = file.xib; path = EpisodeCell2.xib; sourceTree = "<group>"; };
		BDE50D5A2249B831005B2605 /* EpisodesController.swift */ = {isa = PBXFileReference; fileEncoding = 4; lastKnownFileType = sourcecode.swift; path = EpisodesController.swift; sourceTree = "<group>"; };
		BDE50D5C224DB099005B2605 /* DB.swift */ = {isa = PBXFileReference; lastKnownFileType = sourcecode.swift; path = DB.swift; sourceTree = "<group>"; };
		BDE50D68225595D7005B2605 /* FavoritesController.swift */ = {isa = PBXFileReference; lastKnownFileType = sourcecode.swift; path = FavoritesController.swift; sourceTree = "<group>"; };
		BDFA962F225EAE99004D2FC8 /* DownloadsController.swift */ = {isa = PBXFileReference; fileEncoding = 4; lastKnownFileType = sourcecode.swift; path = DownloadsController.swift; sourceTree = "<group>"; };
		BDFA9631225FE76A004D2FC8 /* SearchController.swift */ = {isa = PBXFileReference; fileEncoding = 4; lastKnownFileType = sourcecode.swift; path = SearchController.swift; sourceTree = "<group>"; };
		BDFA9633225FE82E004D2FC8 /* PodcastsSearchingView.xib */ = {isa = PBXFileReference; fileEncoding = 4; lastKnownFileType = file.xib; path = PodcastsSearchingView.xib; sourceTree = "<group>"; };
		F042BA492FBFDAE2D74A076B /* Pods-QalamCast.release.xcconfig */ = {isa = PBXFileReference; includeInIndex = 1; lastKnownFileType = text.xcconfig; name = "Pods-QalamCast.release.xcconfig"; path = "Target Support Files/Pods-QalamCast/Pods-QalamCast.release.xcconfig"; sourceTree = "<group>"; };
		F2BA30E6DCDB8F09FEA49E32 /* Pods-QalamCast.debug.xcconfig */ = {isa = PBXFileReference; includeInIndex = 1; lastKnownFileType = text.xcconfig; name = "Pods-QalamCast.debug.xcconfig"; path = "Target Support Files/Pods-QalamCast/Pods-QalamCast.debug.xcconfig"; sourceTree = "<group>"; };
/* End PBXFileReference section */

/* Begin PBXFrameworksBuildPhase section */
		BDBA6C782241B58D000486CD /* Frameworks */ = {
			isa = PBXFrameworksBuildPhase;
			buildActionMask = 2147483647;
			files = (
				C58AC33E03884FE673011547 /* Pods_QalamCast.framework in Frameworks */,
			);
			runOnlyForDeploymentPostprocessing = 0;
		};
/* End PBXFrameworksBuildPhase section */

/* Begin PBXGroup section */
		112EA611C2DECA53A147A6DA /* Pods */ = {
			isa = PBXGroup;
			children = (
				F2BA30E6DCDB8F09FEA49E32 /* Pods-QalamCast.debug.xcconfig */,
				F042BA492FBFDAE2D74A076B /* Pods-QalamCast.release.xcconfig */,
			);
			path = Pods;
			sourceTree = "<group>";
		};
		BB8630278BC0078DEE8F4C0C /* Frameworks */ = {
			isa = PBXGroup;
			children = (
				0985D2961478CBDFB3B12987 /* Pods_QalamCast.framework */,
			);
			name = Frameworks;
			sourceTree = "<group>";
		};
		BDBA6C722241B58D000486CD = {
			isa = PBXGroup;
			children = (
				BDBA6C7D2241B58D000486CD /* QalamCast */,
				BDBA6C7C2241B58D000486CD /* Products */,
				112EA611C2DECA53A147A6DA /* Pods */,
				BB8630278BC0078DEE8F4C0C /* Frameworks */,
			);
			sourceTree = "<group>";
		};
		BDBA6C7C2241B58D000486CD /* Products */ = {
			isa = PBXGroup;
			children = (
				BDBA6C7B2241B58D000486CD /* Qalam.app */,
			);
			name = Products;
			sourceTree = "<group>";
		};
		BDBA6C7D2241B58D000486CD /* QalamCast */ = {
			isa = PBXGroup;
			children = (
				BDE50D4A22469B54005B2605 /* assets */,
				BDBA6C9F2241B660000486CD /* Api */,
				BDBA6C9A2241B5FD000486CD /* Models */,
				BDE50D4522446EBB005B2605 /* Views */,
				BDE50D4F22481698005B2605 /* Controllers */,
				BDBA6C932241B5E8000486CD /* Extentions */,
				BDBA6C7E2241B58D000486CD /* AppDelegate.swift */,
				BDBA6C802241B58D000486CD /* ViewController.swift */,
				BDBA6C822241B58D000486CD /* Main.storyboard */,
				BDBA6C882241B58E000486CD /* Assets.xcassets */,
				BDBA6C8A2241B58E000486CD /* LaunchScreen.storyboard */,
				BDBA6C8D2241B58E000486CD /* Info.plist */,
				1861C28A2695954200B3DA23 /* GoogleService-Info.plist */,
				BD553635226B75F300D97360 /* Settings.bundle */,
				BDBA6CA22241B68E000486CD /* MainTabBarController.swift */,
				BDBA6C852241B58D000486CD /* QalamCast.xcdatamodeld */,
			);
			path = QalamCast;
			sourceTree = "<group>";
		};
		BDBA6C932241B5E8000486CD /* Extentions */ = {
			isa = PBXGroup;
			children = (
				BDBA6C942241B5E8000486CD /* String.swift */,
				BDBA6C952241B5E8000486CD /* CMTime.swift */,
				BDBA6C962241B5E8000486CD /* RSSFeed.swift */,
				BD39566F2266A8380044277C /* UIApplication.swift */,
				BD041B2A22F7B9D900957DDE /* Bundle.swift */,
			);
			path = Extentions;
			sourceTree = "<group>";
		};
		BDBA6C9A2241B5FD000486CD /* Models */ = {
			isa = PBXGroup;
			children = (
				BDBA6C9B2241B5FD000486CD /* Podcast.swift */,
				BDBA6C9C2241B5FD000486CD /* Episode.swift */,
				BDE50D4D22469BFB005B2605 /* Category.swift */,
			);
			path = Models;
			sourceTree = "<group>";
		};
		BDBA6C9F2241B660000486CD /* Api */ = {
			isa = PBXGroup;
			children = (
				BDBA6CA02241B660000486CD /* ApiService.swift */,
				BDE50D5C224DB099005B2605 /* DB.swift */,
				BD553639226B7E0500D97360 /* SettingsBundleHelper.swift */,
				BD8A12E5239BE43A00CE2195 /* PrefDB.swift */,
			);
			path = Api;
			sourceTree = "<group>";
		};
		BDE50D4522446EBB005B2605 /* Views */ = {
			isa = PBXGroup;
			children = (
				BDFA9633225FE82E004D2FC8 /* PodcastsSearchingView.xib */,
				BDE50D562249B74D005B2605 /* EpisodeCell2.swift */,
				BDE50D572249B74D005B2605 /* EpisodeCell2.xib */,
				BDE50D52224816E4005B2605 /* SeriesCell.swift */,
				BDE50D53224816E4005B2605 /* SeriesCell.xib */,
				BD39566D2266A7A80044277C /* PlayerDetailsView+Gestures.swift */,
				BDE50D4722446EDC005B2605 /* PlayerDetailsView.xib */,
				BD041B2622F397B200957DDE /* SettingsView.xib */,
				BD041B2822F3982800957DDE /* SettingsView.swift */,
			);
			path = Views;
			sourceTree = "<group>";
		};
		BDE50D4A22469B54005B2605 /* assets */ = {
			isa = PBXGroup;
			children = (
				BDE50D4B22469B7C005B2605 /* categories.json */,
			);
			path = assets;
			sourceTree = "<group>";
		};
		BDE50D4F22481698005B2605 /* Controllers */ = {
			isa = PBXGroup;
			children = (
				BDFA962F225EAE99004D2FC8 /* DownloadsController.swift */,
				BDE50D5A2249B831005B2605 /* EpisodesController.swift */,
				BDFA9631225FE76A004D2FC8 /* SearchController.swift */,
				BDE50D50224816BA005B2605 /* SeriesController.swift */,
				BDE50D4622446EDC005B2605 /* PlayerDetailsView.swift */,
				BDE50D68225595D7005B2605 /* FavoritesController.swift */,
				BD553637226B79B100D97360 /* SettingsController.swift */,
				BD7DF459245492B7004AA103 /* RamadanViewController.swift */,
				185883B626957557003A50C1 /* DonateViewController.swift */,
				BD7DF45B24549667004AA103 /* ViewControllerUtils.swift */,
			);
			path = Controllers;
			sourceTree = "<group>";
		};
/* End PBXGroup section */

/* Begin PBXNativeTarget section */
		BDBA6C7A2241B58D000486CD /* QalamCast */ = {
			isa = PBXNativeTarget;
			buildConfigurationList = BDBA6C902241B58E000486CD /* Build configuration list for PBXNativeTarget "QalamCast" */;
			buildPhases = (
				06203A9D3CA4AC1EFD71549B /* [CP] Check Pods Manifest.lock */,
				BDBA6C772241B58D000486CD /* Sources */,
				BDBA6C782241B58D000486CD /* Frameworks */,
				BDBA6C792241B58D000486CD /* Resources */,
				E18971DD4CA05BBCF1A9AEBC /* [CP] Embed Pods Frameworks */,
				18F68098269426A200321A4F /* ShellScript */,
			);
			buildRules = (
			);
			dependencies = (
			);
			name = QalamCast;
			productName = QalamCast;
			productReference = BDBA6C7B2241B58D000486CD /* Qalam.app */;
			productType = "com.apple.product-type.application";
		};
/* End PBXNativeTarget section */

/* Begin PBXProject section */
		BDBA6C732241B58D000486CD /* Project object */ = {
			isa = PBXProject;
			attributes = {
				LastSwiftUpdateCheck = 0930;
				LastUpgradeCheck = 0930;
				ORGANIZATIONNAME = "Zakir Magdum";
				TargetAttributes = {
					BDBA6C7A2241B58D000486CD = {
						CreatedOnToolsVersion = 9.3;
						LastSwiftMigration = 1250;
						SystemCapabilities = {
							com.apple.BackgroundModes = {
								enabled = 1;
							};
						};
					};
				};
			};
			buildConfigurationList = BDBA6C762241B58D000486CD /* Build configuration list for PBXProject "QalamCast" */;
			compatibilityVersion = "Xcode 9.3";
			developmentRegion = en;
			hasScannedForEncodings = 0;
			knownRegions = (
				en,
				Base,
			);
			mainGroup = BDBA6C722241B58D000486CD;
			productRefGroup = BDBA6C7C2241B58D000486CD /* Products */;
			projectDirPath = "";
			projectRoot = "";
			targets = (
				BDBA6C7A2241B58D000486CD /* QalamCast */,
			);
		};
/* End PBXProject section */

/* Begin PBXResourcesBuildPhase section */
		BDBA6C792241B58D000486CD /* Resources */ = {
			isa = PBXResourcesBuildPhase;
			buildActionMask = 2147483647;
			files = (
				BDE50D55224816E5005B2605 /* SeriesCell.xib in Resources */,
				1861C28B2695954200B3DA23 /* GoogleService-Info.plist in Resources */,
				BD041B2722F397B200957DDE /* SettingsView.xib in Resources */,
				BDE50D4922446EDC005B2605 /* PlayerDetailsView.xib in Resources */,
				BDFA9634225FE82E004D2FC8 /* PodcastsSearchingView.xib in Resources */,
				BDBA6C8C2241B58E000486CD /* LaunchScreen.storyboard in Resources */,
				BDE50D592249B74D005B2605 /* EpisodeCell2.xib in Resources */,
				BDBA6C892241B58E000486CD /* Assets.xcassets in Resources */,
				BDE50D4C22469B7C005B2605 /* categories.json in Resources */,
				BD553636226B75F300D97360 /* Settings.bundle in Resources */,
				BDBA6C842241B58D000486CD /* Main.storyboard in Resources */,
			);
			runOnlyForDeploymentPostprocessing = 0;
		};
/* End PBXResourcesBuildPhase section */

/* Begin PBXShellScriptBuildPhase section */
		06203A9D3CA4AC1EFD71549B /* [CP] Check Pods Manifest.lock */ = {
			isa = PBXShellScriptBuildPhase;
			buildActionMask = 2147483647;
			files = (
			);
			inputPaths = (
				"${PODS_PODFILE_DIR_PATH}/Podfile.lock",
				"${PODS_ROOT}/Manifest.lock",
			);
			name = "[CP] Check Pods Manifest.lock";
			outputPaths = (
				"$(DERIVED_FILE_DIR)/Pods-QalamCast-checkManifestLockResult.txt",
			);
			runOnlyForDeploymentPostprocessing = 0;
			shellPath = /bin/sh;
			shellScript = "diff \"${PODS_PODFILE_DIR_PATH}/Podfile.lock\" \"${PODS_ROOT}/Manifest.lock\" > /dev/null\nif [ $? != 0 ] ; then\n    # print error to STDERR\n    echo \"error: The sandbox is not in sync with the Podfile.lock. Run 'pod install' or update your CocoaPods installation.\" >&2\n    exit 1\nfi\n# This output is used by Xcode 'outputs' to avoid re-running this script phase.\necho \"SUCCESS\" > \"${SCRIPT_OUTPUT_FILE_0}\"\n";
			showEnvVarsInLog = 0;
		};
		18F68098269426A200321A4F /* ShellScript */ = {
			isa = PBXShellScriptBuildPhase;
			buildActionMask = 2147483647;
			files = (
			);
			inputFileListPaths = (
			);
			inputPaths = (
			);
			outputFileListPaths = (
			);
			outputPaths = (
			);
			runOnlyForDeploymentPostprocessing = 0;
			shellPath = /bin/sh;
			shellScript = "\"${PODS_ROOT}/FirebaseCrashlytics/run\"\n\n\n\n";
		};
		E18971DD4CA05BBCF1A9AEBC /* [CP] Embed Pods Frameworks */ = {
			isa = PBXShellScriptBuildPhase;
			buildActionMask = 2147483647;
			files = (
			);
			inputFileListPaths = (
				"${PODS_ROOT}/Target Support Files/Pods-QalamCast/Pods-QalamCast-frameworks-${CONFIGURATION}-input-files.xcfilelist",
			);
			name = "[CP] Embed Pods Frameworks";
			outputFileListPaths = (
				"${PODS_ROOT}/Target Support Files/Pods-QalamCast/Pods-QalamCast-frameworks-${CONFIGURATION}-output-files.xcfilelist",
			);
			runOnlyForDeploymentPostprocessing = 0;
			shellPath = /bin/sh;
			shellScript = "\"${PODS_ROOT}/Target Support Files/Pods-QalamCast/Pods-QalamCast-frameworks.sh\"\n";
			showEnvVarsInLog = 0;
		};
/* End PBXShellScriptBuildPhase section */

/* Begin PBXSourcesBuildPhase section */
		BDBA6C772241B58D000486CD /* Sources */ = {
			isa = PBXSourcesBuildPhase;
			buildActionMask = 2147483647;
			files = (
				BDBA6C992241B5E8000486CD /* RSSFeed.swift in Sources */,
				BD041B2B22F7B9D900957DDE /* Bundle.swift in Sources */,
				BDBA6C9E2241B5FD000486CD /* Episode.swift in Sources */,
				BDBA6CA32241B68E000486CD /* MainTabBarController.swift in Sources */,
				BDE50D5B2249B831005B2605 /* EpisodesController.swift in Sources */,
				BD39566E2266A7A80044277C /* PlayerDetailsView+Gestures.swift in Sources */,
				BDBA6C9D2241B5FD000486CD /* Podcast.swift in Sources */,
				BD8A12E6239BE43A00CE2195 /* PrefDB.swift in Sources */,
				BDBA6C812241B58D000486CD /* ViewController.swift in Sources */,
				BDBA6C7F2241B58D000486CD /* AppDelegate.swift in Sources */,
				BDFA9630225EAE99004D2FC8 /* DownloadsController.swift in Sources */,
				BD7DF45C24549667004AA103 /* ViewControllerUtils.swift in Sources */,
				BDFA9632225FE76A004D2FC8 /* SearchController.swift in Sources */,
				BDE50D582249B74D005B2605 /* EpisodeCell2.swift in Sources */,
				BD7DF45A245492B7004AA103 /* RamadanViewController.swift in Sources */,
				BDE50D54224816E5005B2605 /* SeriesCell.swift in Sources */,
				BDBA6CA12241B660000486CD /* ApiService.swift in Sources */,
				BDBA6C972241B5E8000486CD /* String.swift in Sources */,
				BD3956702266A8380044277C /* UIApplication.swift in Sources */,
				185883B726957557003A50C1 /* DonateViewController.swift in Sources */,
				BD041B2922F3982800957DDE /* SettingsView.swift in Sources */,
				BDE50D69225595D7005B2605 /* FavoritesController.swift in Sources */,
				BD55363A226B7E0500D97360 /* SettingsBundleHelper.swift in Sources */,
				BDBA6C982241B5E8000486CD /* CMTime.swift in Sources */,
				BDE50D4822446EDC005B2605 /* PlayerDetailsView.swift in Sources */,
				BDE50D51224816BA005B2605 /* SeriesController.swift in Sources */,
				BDBA6C872241B58D000486CD /* QalamCast.xcdatamodeld in Sources */,
				BD553638226B79B100D97360 /* SettingsController.swift in Sources */,
				BDE50D4E22469BFB005B2605 /* Category.swift in Sources */,
				BDE50D5D224DB099005B2605 /* DB.swift in Sources */,
			);
			runOnlyForDeploymentPostprocessing = 0;
		};
/* End PBXSourcesBuildPhase section */

/* Begin PBXVariantGroup section */
		BDBA6C822241B58D000486CD /* Main.storyboard */ = {
			isa = PBXVariantGroup;
			children = (
				BDBA6C832241B58D000486CD /* Base */,
			);
			name = Main.storyboard;
			sourceTree = "<group>";
		};
		BDBA6C8A2241B58E000486CD /* LaunchScreen.storyboard */ = {
			isa = PBXVariantGroup;
			children = (
				BDBA6C8B2241B58E000486CD /* Base */,
			);
			name = LaunchScreen.storyboard;
			sourceTree = "<group>";
		};
/* End PBXVariantGroup section */

/* Begin XCBuildConfiguration section */
		BDBA6C8E2241B58E000486CD /* Debug */ = {
			isa = XCBuildConfiguration;
			buildSettings = {
				ALWAYS_SEARCH_USER_PATHS = NO;
				CLANG_ANALYZER_NONNULL = YES;
				CLANG_ANALYZER_NUMBER_OBJECT_CONVERSION = YES_AGGRESSIVE;
				CLANG_CXX_LANGUAGE_STANDARD = "gnu++14";
				CLANG_CXX_LIBRARY = "libc++";
				CLANG_ENABLE_MODULES = YES;
				CLANG_ENABLE_OBJC_ARC = YES;
				CLANG_ENABLE_OBJC_WEAK = YES;
				CLANG_WARN_BLOCK_CAPTURE_AUTORELEASING = YES;
				CLANG_WARN_BOOL_CONVERSION = YES;
				CLANG_WARN_COMMA = YES;
				CLANG_WARN_CONSTANT_CONVERSION = YES;
				CLANG_WARN_DEPRECATED_OBJC_IMPLEMENTATIONS = YES;
				CLANG_WARN_DIRECT_OBJC_ISA_USAGE = YES_ERROR;
				CLANG_WARN_DOCUMENTATION_COMMENTS = YES;
				CLANG_WARN_EMPTY_BODY = YES;
				CLANG_WARN_ENUM_CONVERSION = YES;
				CLANG_WARN_INFINITE_RECURSION = YES;
				CLANG_WARN_INT_CONVERSION = YES;
				CLANG_WARN_NON_LITERAL_NULL_CONVERSION = YES;
				CLANG_WARN_OBJC_IMPLICIT_RETAIN_SELF = YES;
				CLANG_WARN_OBJC_LITERAL_CONVERSION = YES;
				CLANG_WARN_OBJC_ROOT_CLASS = YES_ERROR;
				CLANG_WARN_RANGE_LOOP_ANALYSIS = YES;
				CLANG_WARN_STRICT_PROTOTYPES = YES;
				CLANG_WARN_SUSPICIOUS_MOVE = YES;
				CLANG_WARN_UNGUARDED_AVAILABILITY = YES_AGGRESSIVE;
				CLANG_WARN_UNREACHABLE_CODE = YES;
				CLANG_WARN__DUPLICATE_METHOD_MATCH = YES;
				CODE_SIGN_IDENTITY = "iPhone Developer";
				COPY_PHASE_STRIP = NO;
				DEBUG_INFORMATION_FORMAT = dwarf;
				ENABLE_STRICT_OBJC_MSGSEND = YES;
				ENABLE_TESTABILITY = YES;
				GCC_C_LANGUAGE_STANDARD = gnu11;
				GCC_DYNAMIC_NO_PIC = NO;
				GCC_NO_COMMON_BLOCKS = YES;
				GCC_OPTIMIZATION_LEVEL = 0;
				GCC_PREPROCESSOR_DEFINITIONS = (
					"DEBUG=1",
					"$(inherited)",
				);
				GCC_WARN_64_TO_32_BIT_CONVERSION = YES;
				GCC_WARN_ABOUT_RETURN_TYPE = YES_ERROR;
				GCC_WARN_UNDECLARED_SELECTOR = YES;
				GCC_WARN_UNINITIALIZED_AUTOS = YES_AGGRESSIVE;
				GCC_WARN_UNUSED_FUNCTION = YES;
				GCC_WARN_UNUSED_VARIABLE = YES;
				IPHONEOS_DEPLOYMENT_TARGET = 11.3;
				MTL_ENABLE_DEBUG_INFO = YES;
				ONLY_ACTIVE_ARCH = YES;
				SDKROOT = iphoneos;
				SWIFT_ACTIVE_COMPILATION_CONDITIONS = DEBUG;
				SWIFT_OPTIMIZATION_LEVEL = "-Onone";
			};
			name = Debug;
		};
		BDBA6C8F2241B58E000486CD /* Release */ = {
			isa = XCBuildConfiguration;
			buildSettings = {
				ALWAYS_SEARCH_USER_PATHS = NO;
				CLANG_ANALYZER_NONNULL = YES;
				CLANG_ANALYZER_NUMBER_OBJECT_CONVERSION = YES_AGGRESSIVE;
				CLANG_CXX_LANGUAGE_STANDARD = "gnu++14";
				CLANG_CXX_LIBRARY = "libc++";
				CLANG_ENABLE_MODULES = YES;
				CLANG_ENABLE_OBJC_ARC = YES;
				CLANG_ENABLE_OBJC_WEAK = YES;
				CLANG_WARN_BLOCK_CAPTURE_AUTORELEASING = YES;
				CLANG_WARN_BOOL_CONVERSION = YES;
				CLANG_WARN_COMMA = YES;
				CLANG_WARN_CONSTANT_CONVERSION = YES;
				CLANG_WARN_DEPRECATED_OBJC_IMPLEMENTATIONS = YES;
				CLANG_WARN_DIRECT_OBJC_ISA_USAGE = YES_ERROR;
				CLANG_WARN_DOCUMENTATION_COMMENTS = YES;
				CLANG_WARN_EMPTY_BODY = YES;
				CLANG_WARN_ENUM_CONVERSION = YES;
				CLANG_WARN_INFINITE_RECURSION = YES;
				CLANG_WARN_INT_CONVERSION = YES;
				CLANG_WARN_NON_LITERAL_NULL_CONVERSION = YES;
				CLANG_WARN_OBJC_IMPLICIT_RETAIN_SELF = YES;
				CLANG_WARN_OBJC_LITERAL_CONVERSION = YES;
				CLANG_WARN_OBJC_ROOT_CLASS = YES_ERROR;
				CLANG_WARN_RANGE_LOOP_ANALYSIS = YES;
				CLANG_WARN_STRICT_PROTOTYPES = YES;
				CLANG_WARN_SUSPICIOUS_MOVE = YES;
				CLANG_WARN_UNGUARDED_AVAILABILITY = YES_AGGRESSIVE;
				CLANG_WARN_UNREACHABLE_CODE = YES;
				CLANG_WARN__DUPLICATE_METHOD_MATCH = YES;
				CODE_SIGN_IDENTITY = "iPhone Developer";
				COPY_PHASE_STRIP = NO;
				DEBUG_INFORMATION_FORMAT = "dwarf-with-dsym";
				ENABLE_NS_ASSERTIONS = NO;
				ENABLE_STRICT_OBJC_MSGSEND = YES;
				GCC_C_LANGUAGE_STANDARD = gnu11;
				GCC_NO_COMMON_BLOCKS = YES;
				GCC_WARN_64_TO_32_BIT_CONVERSION = YES;
				GCC_WARN_ABOUT_RETURN_TYPE = YES_ERROR;
				GCC_WARN_UNDECLARED_SELECTOR = YES;
				GCC_WARN_UNINITIALIZED_AUTOS = YES_AGGRESSIVE;
				GCC_WARN_UNUSED_FUNCTION = YES;
				GCC_WARN_UNUSED_VARIABLE = YES;
				IPHONEOS_DEPLOYMENT_TARGET = 11.3;
				MTL_ENABLE_DEBUG_INFO = NO;
				SDKROOT = iphoneos;
				SWIFT_COMPILATION_MODE = wholemodule;
				SWIFT_OPTIMIZATION_LEVEL = "-O";
				VALIDATE_PRODUCT = YES;
			};
			name = Release;
		};
		BDBA6C912241B58E000486CD /* Debug */ = {
			isa = XCBuildConfiguration;
			baseConfigurationReference = F2BA30E6DCDB8F09FEA49E32 /* Pods-QalamCast.debug.xcconfig */;
			buildSettings = {
				ASSETCATALOG_COMPILER_APPICON_NAME = AppIcon;
				CLANG_ENABLE_MODULES = YES;
				CODE_SIGN_STYLE = Automatic;
				CURRENT_PROJECT_VERSION = 26;
				DEBUG_INFORMATION_FORMAT = "dwarf-with-dsym";
				DEVELOPMENT_TEAM = ANGB7FL946;
				INFOPLIST_FILE = QalamCast/Info.plist;
				LD_RUNPATH_SEARCH_PATHS = (
					"$(inherited)",
					"@executable_path/Frameworks",
				);
				MARKETING_VERSION = 1.0.3;
				PRODUCT_BUNDLE_IDENTIFIER = com.jannaconsulting.QalamCast;
				PRODUCT_NAME = Qalam;
				SWIFT_OPTIMIZATION_LEVEL = "-Onone";
				SWIFT_VERSION = 4.2;
				TARGETED_DEVICE_FAMILY = "1,2";
			};
			name = Debug;
		};
		BDBA6C922241B58E000486CD /* Release */ = {
			isa = XCBuildConfiguration;
			baseConfigurationReference = F042BA492FBFDAE2D74A076B /* Pods-QalamCast.release.xcconfig */;
			buildSettings = {
				ASSETCATALOG_COMPILER_APPICON_NAME = AppIcon;
				CLANG_ENABLE_MODULES = YES;
				CODE_SIGN_STYLE = Automatic;
				CURRENT_PROJECT_VERSION = 26;
				DEVELOPMENT_TEAM = ANGB7FL946;
				INFOPLIST_FILE = QalamCast/Info.plist;
				LD_RUNPATH_SEARCH_PATHS = (
					"$(inherited)",
					"@executable_path/Frameworks",
				);
				MARKETING_VERSION = 1.0.3;
				PRODUCT_BUNDLE_IDENTIFIER = com.jannaconsulting.QalamCast;
				PRODUCT_NAME = Qalam;
				SWIFT_VERSION = 4.2;
				TARGETED_DEVICE_FAMILY = "1,2";
			};
			name = Release;
		};
/* End XCBuildConfiguration section */

/* Begin XCConfigurationList section */
		BDBA6C762241B58D000486CD /* Build configuration list for PBXProject "QalamCast" */ = {
			isa = XCConfigurationList;
			buildConfigurations = (
				BDBA6C8E2241B58E000486CD /* Debug */,
				BDBA6C8F2241B58E000486CD /* Release */,
			);
			defaultConfigurationIsVisible = 0;
			defaultConfigurationName = Release;
		};
		BDBA6C902241B58E000486CD /* Build configuration list for PBXNativeTarget "QalamCast" */ = {
			isa = XCConfigurationList;
			buildConfigurations = (
				BDBA6C912241B58E000486CD /* Debug */,
				BDBA6C922241B58E000486CD /* Release */,
			);
			defaultConfigurationIsVisible = 0;
			defaultConfigurationName = Release;
		};
/* End XCConfigurationList section */

/* Begin XCVersionGroup section */
		BDBA6C852241B58D000486CD /* QalamCast.xcdatamodeld */ = {
			isa = XCVersionGroup;
			children = (
				BDBA6C862241B58D000486CD /* QalamCast.xcdatamodel */,
			);
			currentVersion = BDBA6C862241B58D000486CD /* QalamCast.xcdatamodel */;
			path = QalamCast.xcdatamodeld;
			sourceTree = "<group>";
			versionGroupType = wrapper.xcdatamodel;
		};
/* End XCVersionGroup section */
	};
	rootObject = BDBA6C732241B58D000486CD /* Project object */;
}
